// !$*UTF8*$!
{
	archiveVersion = 1;
	classes = {
	};
	objectVersion = 56;
	objects = {

/* Begin PBXBuildFile section */
		2D0090772B04073200EAAC56 /* MovieListApp.swift in Sources */ = {isa = PBXBuildFile; fileRef = 2D0090762B04073200EAAC56 /* MovieListApp.swift */; };
		2D0090792B04073200EAAC56 /* ContentView.swift in Sources */ = {isa = PBXBuildFile; fileRef = 2D0090782B04073200EAAC56 /* ContentView.swift */; };
		2D00907B2B04073400EAAC56 /* Assets.xcassets in Resources */ = {isa = PBXBuildFile; fileRef = 2D00907A2B04073400EAAC56 /* Assets.xcassets */; };
		2D00907E2B04073400EAAC56 /* Preview Assets.xcassets in Resources */ = {isa = PBXBuildFile; fileRef = 2D00907D2B04073400EAAC56 /* Preview Assets.xcassets */; };
		2D00908C2B040ED100EAAC56 /* MovieListError.swift in Sources */ = {isa = PBXBuildFile; fileRef = 2D00908B2B040ED100EAAC56 /* MovieListError.swift */; };
		2D519EAB2B094FC0002DB892 /* Font + Extension.swift in Sources */ = {isa = PBXBuildFile; fileRef = 2D519EAA2B094FC0002DB892 /* Font + Extension.swift */; };
		2D87D82F2B06A7A800A6C8F6 /* MainView.swift in Sources */ = {isa = PBXBuildFile; fileRef = 2D87D82E2B06A7A800A6C8F6 /* MainView.swift */; };
		2DAB5C452B06B3A800D3DFF7 /* Tab.swift in Sources */ = {isa = PBXBuildFile; fileRef = 2DAB5C442B06B3A800D3DFF7 /* Tab.swift */; };
		2DBF05962B07A1C100DC7E2F /* Constants.swift in Sources */ = {isa = PBXBuildFile; fileRef = 2DBF05952B07A1C100DC7E2F /* Constants.swift */; };
		2DBF059A2B07CBBA00DC7E2F /* MoviesData.swift in Sources */ = {isa = PBXBuildFile; fileRef = 2DBF05992B07CBBA00DC7E2F /* MoviesData.swift */; };
		2DBF059E2B07D81400DC7E2F /* MovieDatabaseURL.swift in Sources */ = {isa = PBXBuildFile; fileRef = 2DBF059D2B07D81400DC7E2F /* MovieDatabaseURL.swift */; };
		2DBF05A02B07DDEF00DC7E2F /* LoadingState.swift in Sources */ = {isa = PBXBuildFile; fileRef = 2DBF059F2B07DDEF00DC7E2F /* LoadingState.swift */; };
		2DBF05A42B07E50100DC7E2F /* LoadingView.swift in Sources */ = {isa = PBXBuildFile; fileRef = 2DBF05A32B07E50100DC7E2F /* LoadingView.swift */; };
		2DBF05A62B07E6FC00DC7E2F /* String + Extension.swift in Sources */ = {isa = PBXBuildFile; fileRef = 2DBF05A52B07E6FC00DC7E2F /* String + Extension.swift */; };
		2DBF05A82B07E90E00DC7E2F /* DateFormat.swift in Sources */ = {isa = PBXBuildFile; fileRef = 2DBF05A72B07E90E00DC7E2F /* DateFormat.swift */; };
		2DF6B8972B069108007844BC /* Color + Extension.swift in Sources */ = {isa = PBXBuildFile; fileRef = 2DF6B8962B069108007844BC /* Color + Extension.swift */; };
/* End PBXBuildFile section */

/* Begin PBXFileReference section */
		2D0090732B04073200EAAC56 /* MovieList.app */ = {isa = PBXFileReference; explicitFileType = wrapper.application; includeInIndex = 0; path = MovieList.app; sourceTree = BUILT_PRODUCTS_DIR; };
		2D0090762B04073200EAAC56 /* MovieListApp.swift */ = {isa = PBXFileReference; lastKnownFileType = sourcecode.swift; path = MovieListApp.swift; sourceTree = "<group>"; };
		2D0090782B04073200EAAC56 /* ContentView.swift */ = {isa = PBXFileReference; lastKnownFileType = sourcecode.swift; path = ContentView.swift; sourceTree = "<group>"; };
		2D00907A2B04073400EAAC56 /* Assets.xcassets */ = {isa = PBXFileReference; lastKnownFileType = folder.assetcatalog; path = Assets.xcassets; sourceTree = "<group>"; };
		2D00907D2B04073400EAAC56 /* Preview Assets.xcassets */ = {isa = PBXFileReference; lastKnownFileType = folder.assetcatalog; path = "Preview Assets.xcassets"; sourceTree = "<group>"; };
		2D00908B2B040ED100EAAC56 /* MovieListError.swift */ = {isa = PBXFileReference; lastKnownFileType = sourcecode.swift; path = MovieListError.swift; sourceTree = "<group>"; };
		2D519EAA2B094FC0002DB892 /* Font + Extension.swift */ = {isa = PBXFileReference; lastKnownFileType = sourcecode.swift; path = "Font + Extension.swift"; sourceTree = "<group>"; };
		2D87D82E2B06A7A800A6C8F6 /* MainView.swift */ = {isa = PBXFileReference; lastKnownFileType = sourcecode.swift; path = MainView.swift; sourceTree = "<group>"; };
		2DAB5C442B06B3A800D3DFF7 /* Tab.swift */ = {isa = PBXFileReference; lastKnownFileType = sourcecode.swift; path = Tab.swift; sourceTree = "<group>"; };
		2DBF05952B07A1C100DC7E2F /* Constants.swift */ = {isa = PBXFileReference; lastKnownFileType = sourcecode.swift; path = Constants.swift; sourceTree = "<group>"; };
		2DBF05992B07CBBA00DC7E2F /* MoviesData.swift */ = {isa = PBXFileReference; lastKnownFileType = sourcecode.swift; path = MoviesData.swift; sourceTree = "<group>"; };
		2DBF059D2B07D81400DC7E2F /* MovieDatabaseURL.swift */ = {isa = PBXFileReference; lastKnownFileType = sourcecode.swift; path = MovieDatabaseURL.swift; sourceTree = "<group>"; };
		2DBF059F2B07DDEF00DC7E2F /* LoadingState.swift */ = {isa = PBXFileReference; lastKnownFileType = sourcecode.swift; path = LoadingState.swift; sourceTree = "<group>"; };
		2DBF05A32B07E50100DC7E2F /* LoadingView.swift */ = {isa = PBXFileReference; lastKnownFileType = sourcecode.swift; path = LoadingView.swift; sourceTree = "<group>"; };
		2DBF05A52B07E6FC00DC7E2F /* String + Extension.swift */ = {isa = PBXFileReference; lastKnownFileType = sourcecode.swift; path = "String + Extension.swift"; sourceTree = "<group>"; };
		2DBF05A72B07E90E00DC7E2F /* DateFormat.swift */ = {isa = PBXFileReference; lastKnownFileType = sourcecode.swift; path = DateFormat.swift; sourceTree = "<group>"; };
		2DF6B8962B069108007844BC /* Color + Extension.swift */ = {isa = PBXFileReference; lastKnownFileType = sourcecode.swift; path = "Color + Extension.swift"; sourceTree = "<group>"; };
/* End PBXFileReference section */

/* Begin PBXFrameworksBuildPhase section */
		2D0090702B04073200EAAC56 /* Frameworks */ = {
			isa = PBXFrameworksBuildPhase;
			buildActionMask = 2147483647;
			files = (
			);
			runOnlyForDeploymentPostprocessing = 0;
		};
/* End PBXFrameworksBuildPhase section */

/* Begin PBXGroup section */
		2D00906A2B04073100EAAC56 = {
			isa = PBXGroup;
			children = (
				2D0090752B04073200EAAC56 /* MovieList */,
				2D0090742B04073200EAAC56 /* Products */,
			);
			sourceTree = "<group>";
		};
		2D0090742B04073200EAAC56 /* Products */ = {
			isa = PBXGroup;
			children = (
				2D0090732B04073200EAAC56 /* MovieList.app */,
			);
			name = Products;
			sourceTree = "<group>";
		};
		2D0090752B04073200EAAC56 /* MovieList */ = {
			isa = PBXGroup;
			children = (
				2DF6B8952B0690F3007844BC /* Extensions */,
				2D00908D2B0422DD00EAAC56 /* Views */,
				2D00908A2B040E8C00EAAC56 /* Models */,
				2D0090862B04096600EAAC56 /* CommonFiles */,
				2D0090762B04073200EAAC56 /* MovieListApp.swift */,
				2D0090782B04073200EAAC56 /* ContentView.swift */,
				2D00907A2B04073400EAAC56 /* Assets.xcassets */,
				2D00907C2B04073400EAAC56 /* Preview Content */,
			);
			path = MovieList;
			sourceTree = "<group>";
		};
		2D00907C2B04073400EAAC56 /* Preview Content */ = {
			isa = PBXGroup;
			children = (
				2D00907D2B04073400EAAC56 /* Preview Assets.xcassets */,
			);
			path = "Preview Content";
			sourceTree = "<group>";
		};
		2D0090862B04096600EAAC56 /* CommonFiles */ = {
			isa = PBXGroup;
			children = (
				2DBF05952B07A1C100DC7E2F /* Constants.swift */,
			);
			path = CommonFiles;
			sourceTree = "<group>";
		};
		2D0090872B040D9E00EAAC56 /* Services */ = {
			isa = PBXGroup;
			children = (
				2D0090882B040DC100EAAC56 /* MovieListAPIService.swift */,
			);
			path = Services;
			sourceTree = "<group>";
		};
		2D00908A2B040E8C00EAAC56 /* Models */ = {
			isa = PBXGroup;
			children = (
				2D00908B2B040ED100EAAC56 /* MovieListError.swift */,
				2DAB5C442B06B3A800D3DFF7 /* Tab.swift */,
				2DBF05992B07CBBA00DC7E2F /* MoviesData.swift */,
				2DBF059D2B07D81400DC7E2F /* MovieDatabaseURL.swift */,
				2DBF059F2B07DDEF00DC7E2F /* LoadingState.swift */,
				2DBF05A72B07E90E00DC7E2F /* DateFormat.swift */,
			);
			path = Models;
			sourceTree = "<group>";
		};
				2D87D82E2B06A7A800A6C8F6 /* MainView.swift */,
		2DF6B8952B0690F3007844BC /* Extensions */ = {
			isa = PBXGroup;
			children = (
				2DF6B8962B069108007844BC /* Color + Extension.swift */,
				2DBF05A52B07E6FC00DC7E2F /* String + Extension.swift */,
				2D519EAA2B094FC0002DB892 /* Font + Extension.swift */,
			);
			path = Extensions;
			sourceTree = "<group>";
		};
/* End PBXGroup section */

/* Begin PBXNativeTarget section */
		2D0090722B04073200EAAC56 /* MovieList */ = {
			isa = PBXNativeTarget;
			buildConfigurationList = 2D0090812B04073400EAAC56 /* Build configuration list for PBXNativeTarget "MovieList" */;
			buildPhases = (
				2D00906F2B04073200EAAC56 /* Sources */,
				2D0090702B04073200EAAC56 /* Frameworks */,
				2D0090712B04073200EAAC56 /* Resources */,
			);
			buildRules = (
			);
			dependencies = (
			);
			name = MovieList;
			productName = MovieList;
			productReference = 2D0090732B04073200EAAC56 /* MovieList.app */;
			productType = "com.apple.product-type.application";
		};
/* End PBXNativeTarget section */

/* Begin PBXProject section */
		2D00906B2B04073100EAAC56 /* Project object */ = {
			isa = PBXProject;
			attributes = {
				BuildIndependentTargetsInParallel = 1;
				LastSwiftUpdateCheck = 1420;
				LastUpgradeCheck = 1420;
				TargetAttributes = {
					2D0090722B04073200EAAC56 = {
						CreatedOnToolsVersion = 14.2;
					};
				};
			};
			buildConfigurationList = 2D00906E2B04073100EAAC56 /* Build configuration list for PBXProject "MovieList" */;
			compatibilityVersion = "Xcode 14.0";
			developmentRegion = en;
			hasScannedForEncodings = 0;
			knownRegions = (
				en,
				Base,
			);
			mainGroup = 2D00906A2B04073100EAAC56;
			productRefGroup = 2D0090742B04073200EAAC56 /* Products */;
			projectDirPath = "";
			projectRoot = "";
			targets = (
				2D0090722B04073200EAAC56 /* MovieList */,
			);
		};
/* End PBXProject section */

/* Begin PBXResourcesBuildPhase section */
		2D0090712B04073200EAAC56 /* Resources */ = {
			isa = PBXResourcesBuildPhase;
			buildActionMask = 2147483647;
			files = (
				2D00907E2B04073400EAAC56 /* Preview Assets.xcassets in Resources */,
				2D00907B2B04073400EAAC56 /* Assets.xcassets in Resources */,
			);
			runOnlyForDeploymentPostprocessing = 0;
		};
/* End PBXResourcesBuildPhase section */

/* Begin PBXSourcesBuildPhase section */
		2D00906F2B04073200EAAC56 /* Sources */ = {
			isa = PBXSourcesBuildPhase;
			buildActionMask = 2147483647;
			files = (
				2DBF05A02B07DDEF00DC7E2F /* LoadingState.swift in Sources */,
				2D87D82F2B06A7A800A6C8F6 /* MainView.swift in Sources */,
				2DF6B8972B069108007844BC /* Color + Extension.swift in Sources */,
				2D0090772B04073200EAAC56 /* MovieListApp.swift in Sources */,
				2DBF059E2B07D81400DC7E2F /* MovieDatabaseURL.swift in Sources */,
				2DBF05A62B07E6FC00DC7E2F /* String + Extension.swift in Sources */,
				2DAB5C452B06B3A800D3DFF7 /* Tab.swift in Sources */,
				2D519EAB2B094FC0002DB892 /* Font + Extension.swift in Sources */,
				2DBF059A2B07CBBA00DC7E2F /* MoviesData.swift in Sources */,
				2D00908C2B040ED100EAAC56 /* MovieListError.swift in Sources */,
				2DBF05962B07A1C100DC7E2F /* Constants.swift in Sources */,
				2DBF05A82B07E90E00DC7E2F /* DateFormat.swift in Sources */,
				2DBF05A42B07E50100DC7E2F /* LoadingView.swift in Sources */,
			);
			runOnlyForDeploymentPostprocessing = 0;
		};
/* End PBXSourcesBuildPhase section */

/* Begin XCBuildConfiguration section */
		2D00907F2B04073400EAAC56 /* Debug */ = {
			isa = XCBuildConfiguration;
			buildSettings = {
				ALWAYS_SEARCH_USER_PATHS = NO;
				CLANG_ANALYZER_NONNULL = YES;
				CLANG_ANALYZER_NUMBER_OBJECT_CONVERSION = YES_AGGRESSIVE;
				CLANG_CXX_LANGUAGE_STANDARD = "gnu++20";
				CLANG_ENABLE_MODULES = YES;
				CLANG_ENABLE_OBJC_ARC = YES;
				CLANG_ENABLE_OBJC_WEAK = YES;
				CLANG_WARN_BLOCK_CAPTURE_AUTORELEASING = YES;
				CLANG_WARN_BOOL_CONVERSION = YES;
				CLANG_WARN_COMMA = YES;
				CLANG_WARN_CONSTANT_CONVERSION = YES;
				CLANG_WARN_DEPRECATED_OBJC_IMPLEMENTATIONS = YES;
				CLANG_WARN_DIRECT_OBJC_ISA_USAGE = YES_ERROR;
				CLANG_WARN_DOCUMENTATION_COMMENTS = YES;
				CLANG_WARN_EMPTY_BODY = YES;
				CLANG_WARN_ENUM_CONVERSION = YES;
				CLANG_WARN_INFINITE_RECURSION = YES;
				CLANG_WARN_INT_CONVERSION = YES;
				CLANG_WARN_NON_LITERAL_NULL_CONVERSION = YES;
				CLANG_WARN_OBJC_IMPLICIT_RETAIN_SELF = YES;
				CLANG_WARN_OBJC_LITERAL_CONVERSION = YES;
				CLANG_WARN_OBJC_ROOT_CLASS = YES_ERROR;
				CLANG_WARN_QUOTED_INCLUDE_IN_FRAMEWORK_HEADER = YES;
				CLANG_WARN_RANGE_LOOP_ANALYSIS = YES;
				CLANG_WARN_STRICT_PROTOTYPES = YES;
				CLANG_WARN_SUSPICIOUS_MOVE = YES;
				CLANG_WARN_UNGUARDED_AVAILABILITY = YES_AGGRESSIVE;
				CLANG_WARN_UNREACHABLE_CODE = YES;
				CLANG_WARN__DUPLICATE_METHOD_MATCH = YES;
				COPY_PHASE_STRIP = NO;
				DEBUG_INFORMATION_FORMAT = dwarf;
				ENABLE_STRICT_OBJC_MSGSEND = YES;
				ENABLE_TESTABILITY = YES;
				GCC_C_LANGUAGE_STANDARD = gnu11;
				GCC_DYNAMIC_NO_PIC = NO;
				GCC_NO_COMMON_BLOCKS = YES;
				GCC_OPTIMIZATION_LEVEL = 0;
				GCC_PREPROCESSOR_DEFINITIONS = (
					"DEBUG=1",
					"$(inherited)",
				);
				GCC_WARN_64_TO_32_BIT_CONVERSION = YES;
				GCC_WARN_ABOUT_RETURN_TYPE = YES_ERROR;
				GCC_WARN_UNDECLARED_SELECTOR = YES;
				GCC_WARN_UNINITIALIZED_AUTOS = YES_AGGRESSIVE;
				GCC_WARN_UNUSED_FUNCTION = YES;
				GCC_WARN_UNUSED_VARIABLE = YES;
				IPHONEOS_DEPLOYMENT_TARGET = 16.2;
				MTL_ENABLE_DEBUG_INFO = INCLUDE_SOURCE;
				MTL_FAST_MATH = YES;
				ONLY_ACTIVE_ARCH = YES;
				SDKROOT = iphoneos;
				SWIFT_ACTIVE_COMPILATION_CONDITIONS = DEBUG;
				SWIFT_OPTIMIZATION_LEVEL = "-Onone";
			};
			name = Debug;
		};
		2D0090802B04073400EAAC56 /* Release */ = {
			isa = XCBuildConfiguration;
			buildSettings = {
				ALWAYS_SEARCH_USER_PATHS = NO;
				CLANG_ANALYZER_NONNULL = YES;
				CLANG_ANALYZER_NUMBER_OBJECT_CONVERSION = YES_AGGRESSIVE;
				CLANG_CXX_LANGUAGE_STANDARD = "gnu++20";
				CLANG_ENABLE_MODULES = YES;
				CLANG_ENABLE_OBJC_ARC = YES;
				CLANG_ENABLE_OBJC_WEAK = YES;
				CLANG_WARN_BLOCK_CAPTURE_AUTORELEASING = YES;
				CLANG_WARN_BOOL_CONVERSION = YES;
				CLANG_WARN_COMMA = YES;
				CLANG_WARN_CONSTANT_CONVERSION = YES;
				CLANG_WARN_DEPRECATED_OBJC_IMPLEMENTATIONS = YES;
				CLANG_WARN_DIRECT_OBJC_ISA_USAGE = YES_ERROR;
				CLANG_WARN_DOCUMENTATION_COMMENTS = YES;
				CLANG_WARN_EMPTY_BODY = YES;
				CLANG_WARN_ENUM_CONVERSION = YES;
				CLANG_WARN_INFINITE_RECURSION = YES;
				CLANG_WARN_INT_CONVERSION = YES;
				CLANG_WARN_NON_LITERAL_NULL_CONVERSION = YES;
				CLANG_WARN_OBJC_IMPLICIT_RETAIN_SELF = YES;
				CLANG_WARN_OBJC_LITERAL_CONVERSION = YES;
				CLANG_WARN_OBJC_ROOT_CLASS = YES_ERROR;
				CLANG_WARN_QUOTED_INCLUDE_IN_FRAMEWORK_HEADER = YES;
				CLANG_WARN_RANGE_LOOP_ANALYSIS = YES;
				CLANG_WARN_STRICT_PROTOTYPES = YES;
				CLANG_WARN_SUSPICIOUS_MOVE = YES;
				CLANG_WARN_UNGUARDED_AVAILABILITY = YES_AGGRESSIVE;
				CLANG_WARN_UNREACHABLE_CODE = YES;
				CLANG_WARN__DUPLICATE_METHOD_MATCH = YES;
				COPY_PHASE_STRIP = NO;
				DEBUG_INFORMATION_FORMAT = "dwarf-with-dsym";
				ENABLE_NS_ASSERTIONS = NO;
				ENABLE_STRICT_OBJC_MSGSEND = YES;
				GCC_C_LANGUAGE_STANDARD = gnu11;
				GCC_NO_COMMON_BLOCKS = YES;
				GCC_WARN_64_TO_32_BIT_CONVERSION = YES;
				GCC_WARN_ABOUT_RETURN_TYPE = YES_ERROR;
				GCC_WARN_UNDECLARED_SELECTOR = YES;
				GCC_WARN_UNINITIALIZED_AUTOS = YES_AGGRESSIVE;
				GCC_WARN_UNUSED_FUNCTION = YES;
				GCC_WARN_UNUSED_VARIABLE = YES;
				IPHONEOS_DEPLOYMENT_TARGET = 16.2;
				MTL_ENABLE_DEBUG_INFO = NO;
				MTL_FAST_MATH = YES;
				SDKROOT = iphoneos;
				SWIFT_COMPILATION_MODE = wholemodule;
				SWIFT_OPTIMIZATION_LEVEL = "-O";
				VALIDATE_PRODUCT = YES;
			};
			name = Release;
		};
		2D0090822B04073400EAAC56 /* Debug */ = {
			isa = XCBuildConfiguration;
			buildSettings = {
				ASSETCATALOG_COMPILER_APPICON_NAME = AppIcon;
				ASSETCATALOG_COMPILER_GLOBAL_ACCENT_COLOR_NAME = AccentColor;
				CODE_SIGN_STYLE = Automatic;
				CURRENT_PROJECT_VERSION = 1;
				DEVELOPMENT_ASSET_PATHS = "\"MovieList/Preview Content\"";
				DEVELOPMENT_TEAM = R963BP426U;
				ENABLE_PREVIEWS = YES;
				GENERATE_INFOPLIST_FILE = YES;
				INFOPLIST_KEY_UIApplicationSceneManifest_Generation = YES;
				INFOPLIST_KEY_UIApplicationSupportsIndirectInputEvents = YES;
				INFOPLIST_KEY_UILaunchScreen_Generation = YES;
				INFOPLIST_KEY_UISupportedInterfaceOrientations_iPad = "UIInterfaceOrientationPortrait UIInterfaceOrientationPortraitUpsideDown UIInterfaceOrientationLandscapeLeft UIInterfaceOrientationLandscapeRight";
				INFOPLIST_KEY_UISupportedInterfaceOrientations_iPhone = "UIInterfaceOrientationPortrait UIInterfaceOrientationLandscapeLeft UIInterfaceOrientationLandscapeRight";
				LD_RUNPATH_SEARCH_PATHS = (
					"$(inherited)",
					"@executable_path/Frameworks",
				);
				MARKETING_VERSION = 1.0;
				PRODUCT_BUNDLE_IDENTIFIER = DB.MovieList;
				PRODUCT_NAME = "$(TARGET_NAME)";
				SUPPORTED_PLATFORMS = "iphoneos iphonesimulator";
				SUPPORTS_MACCATALYST = NO;
				SUPPORTS_MAC_DESIGNED_FOR_IPHONE_IPAD = NO;
				SWIFT_EMIT_LOC_STRINGS = YES;
				SWIFT_VERSION = 5.0;
				TARGETED_DEVICE_FAMILY = 1;
			};
			name = Debug;
		};
		2D0090832B04073400EAAC56 /* Release */ = {
			isa = XCBuildConfiguration;
			buildSettings = {
				ASSETCATALOG_COMPILER_APPICON_NAME = AppIcon;
				ASSETCATALOG_COMPILER_GLOBAL_ACCENT_COLOR_NAME = AccentColor;
				CODE_SIGN_STYLE = Automatic;
				CURRENT_PROJECT_VERSION = 1;
				DEVELOPMENT_ASSET_PATHS = "\"MovieList/Preview Content\"";
				DEVELOPMENT_TEAM = R963BP426U;
				ENABLE_PREVIEWS = YES;
				GENERATE_INFOPLIST_FILE = YES;
				INFOPLIST_KEY_UIApplicationSceneManifest_Generation = YES;
				INFOPLIST_KEY_UIApplicationSupportsIndirectInputEvents = YES;
				INFOPLIST_KEY_UILaunchScreen_Generation = YES;
				INFOPLIST_KEY_UISupportedInterfaceOrientations_iPad = "UIInterfaceOrientationPortrait UIInterfaceOrientationPortraitUpsideDown UIInterfaceOrientationLandscapeLeft UIInterfaceOrientationLandscapeRight";
				INFOPLIST_KEY_UISupportedInterfaceOrientations_iPhone = "UIInterfaceOrientationPortrait UIInterfaceOrientationLandscapeLeft UIInterfaceOrientationLandscapeRight";
				LD_RUNPATH_SEARCH_PATHS = (
					"$(inherited)",
					"@executable_path/Frameworks",
				);
				MARKETING_VERSION = 1.0;
				PRODUCT_BUNDLE_IDENTIFIER = DB.MovieList;
				PRODUCT_NAME = "$(TARGET_NAME)";
				SUPPORTED_PLATFORMS = "iphoneos iphonesimulator";
				SUPPORTS_MACCATALYST = NO;
				SUPPORTS_MAC_DESIGNED_FOR_IPHONE_IPAD = NO;
				SWIFT_EMIT_LOC_STRINGS = YES;
				SWIFT_VERSION = 5.0;
				TARGETED_DEVICE_FAMILY = 1;
			};
			name = Release;
		};
/* End XCBuildConfiguration section */

/* Begin XCConfigurationList section */
		2D00906E2B04073100EAAC56 /* Build configuration list for PBXProject "MovieList" */ = {
			isa = XCConfigurationList;
			buildConfigurations = (
				2D00907F2B04073400EAAC56 /* Debug */,
				2D0090802B04073400EAAC56 /* Release */,
			);
			defaultConfigurationIsVisible = 0;
			defaultConfigurationName = Release;
		};
		2D0090812B04073400EAAC56 /* Build configuration list for PBXNativeTarget "MovieList" */ = {
			isa = XCConfigurationList;
			buildConfigurations = (
				2D0090822B04073400EAAC56 /* Debug */,
				2D0090832B04073400EAAC56 /* Release */,
			);
			defaultConfigurationIsVisible = 0;
			defaultConfigurationName = Release;
		};
/* End XCConfigurationList section */
	};
	rootObject = 2D00906B2B04073100EAAC56 /* Project object */;
}
